
Microsoft Visual Studio Solution File, Format Version 12.00
# Visual Studio 14
VisualStudioVersion = 14.0.25420.1
MinimumVisualStudioVersion = 10.0.40219.1
Project("{FAE04EC0-301F-11D3-BF4B-00C04F79EFBC}") = "BJMicroAccounts", "BJMicroAccounts\BJMicroAccounts.csproj", "{9950683A-F0FD-48E6-8CA8-D96565CA1C98}"
EndProject
Project("{54435603-DBB4-11D2-8724-00A0C9A8B90C}") = "BJMicroAccSetUp", "BJMicroAccSetUp\BJMicroAccSetUp.vdproj", "{8BAB37F4-5BB9-4B43-B03C-C25E551ABA96}"
EndProject
Global
	GlobalSection(SolutionConfigurationPlatforms) = preSolution
		Debug|Any CPU = Debug|Any CPU
		Release|Any CPU = Release|Any CPU
	EndGlobalSection
	GlobalSection(ProjectConfigurationPlatforms) = postSolution
		{9950683A-F0FD-48E6-8CA8-D96565CA1C98}.Debug|Any CPU.ActiveCfg = Debug|Any CPU
		{9950683A-F0FD-48E6-8CA8-D96565CA1C98}.Debug|Any CPU.Build.0 = Debug|Any CPU
		{9950683A-F0FD-48E6-8CA8-D96565CA1C98}.Release|Any CPU.ActiveCfg = Release|Any CPU
		{9950683A-F0FD-48E6-8CA8-D96565CA1C98}.Release|Any CPU.Build.0 = Release|Any CPU
		{8BAB37F4-5BB9-4B43-B03C-C25E551ABA96}.Debug|Any CPU.ActiveCfg = Debug
		{8BAB37F4-5BB9-4B43-B03C-C25E551ABA96}.Release|Any CPU.ActiveCfg = Release
	EndGlobalSection
	GlobalSection(SolutionProperties) = preSolution
		HideSolutionNode = FALSE
	EndGlobalSection
EndGlobal
